{
    "_readme": [
        "This file locks the dependencies of your project to a known state",
        "Read more about it at https://getcomposer.org/doc/01-basic-usage.md#composer-lock-the-lock-file",
        "This file is @generated automatically"
    ],
    "hash": "40593002349b0269c5e8ddc19844d3d1",
    "content-hash": "f92c3fd2dcb86a790a4376f9d2c43236",
    "packages": [
        {
            "name": "evenement/evenement",
            "version": "1.0.x-dev",
            "source": {
                "type": "git",
                "url": "https://github.com/igorw/evenement.git",
                "reference": "8b0918f8374327dfed4408fe467980ab41d556dd"
            },
            "dist": {
                "type": "zip",
                "url": "https://api.github.com/repos/igorw/evenement/zipball/8b0918f8374327dfed4408fe467980ab41d556dd",
                "reference": "8b0918f8374327dfed4408fe467980ab41d556dd",
                "shasum": ""
            },
            "require": {
                "php": ">=5.3.0"
            },
            "type": "library",
            "extra": {
                "branch-alias": {
                    "dev-master": "2.0-dev"
                }
            },
            "autoload": {
                "psr-0": {
                    "Evenement": "src"
                }
            },
            "notification-url": "https://packagist.org/downloads/",
            "license": [
                "MIT"
            ],
            "authors": [
                {
                    "name": "Igor Wiedler",
                    "email": "igor@wiedler.ch",
                    "homepage": "http://wiedler.ch/igor/"
                }
            ],
            "description": "Événement is a very simple event dispatching library for PHP 5.3",
            "keywords": [
                "event-dispatcher"
            ],
            "time": "2012-12-29 17:04:52"
        },
        {
            "name": "guzzle/parser",
            "version": "v3.9.2",
            "target-dir": "Guzzle/Parser",
            "source": {
                "type": "git",
                "url": "https://github.com/Guzzle3/parser.git",
                "reference": "6874d171318a8e93eb6d224cf85e4678490b625c"
            },
            "dist": {
                "type": "zip",
                "url": "https://api.github.com/repos/Guzzle3/parser/zipball/6874d171318a8e93eb6d224cf85e4678490b625c",
                "reference": "6874d171318a8e93eb6d224cf85e4678490b625c",
                "shasum": ""
            },
            "require": {
                "php": ">=5.3.2"
            },
            "type": "library",
            "extra": {
                "branch-alias": {
                    "dev-master": "3.7-dev"
                }
            },
            "autoload": {
                "psr-0": {
                    "Guzzle\\Parser": ""
                }
            },
            "notification-url": "https://packagist.org/downloads/",
            "license": [
                "MIT"
            ],
            "description": "Interchangeable parsers used by Guzzle",
            "homepage": "http://guzzlephp.org/",
            "keywords": [
                "URI Template",
                "cookie",
                "http",
                "message",
                "url"
            ],
            "abandoned": "guzzle/guzzle",
            "time": "2014-02-05 18:29:46"
        },
        {
            "name": "pimple/pimple",
            "version": "dev-master",
            "source": {
                "type": "git",
                "url": "https://github.com/silexphp/Pimple.git",
                "reference": "64e0f8320639b434baa073a40dd1e037e3286555"
            },
            "dist": {
                "type": "zip",
                "url": "https://api.github.com/repos/silexphp/Pimple/zipball/64e0f8320639b434baa073a40dd1e037e3286555",
                "reference": "64e0f8320639b434baa073a40dd1e037e3286555",
                "shasum": ""
            },
            "require": {
                "php": ">=5.3.0"
            },
            "type": "library",
            "extra": {
                "branch-alias": {
                    "dev-master": "3.0.x-dev"
                }
            },
            "autoload": {
                "psr-0": {
                    "Pimple": "src/"
                }
            },
            "notification-url": "https://packagist.org/downloads/",
            "license": [
                "MIT"
            ],
            "authors": [
                {
                    "name": "Fabien Potencier",
                    "email": "fabien@symfony.com"
                }
            ],
            "description": "Pimple, a simple Dependency Injection Container",
            "homepage": "http://pimple.sensiolabs.org",
            "keywords": [
                "container",
                "dependency injection"
            ],
            "time": "2015-09-11 15:11:22"
        },
        {
            "name": "react/promise",
            "version": "v1.1.0",
            "source": {
                "type": "git",
                "url": "https://github.com/reactphp/promise.git",
                "reference": "d76a033b5f4441bfd414a8c4421ccabfa756e110"
            },
            "dist": {
                "type": "zip",
                "url": "https://api.github.com/repos/reactphp/promise/zipball/d76a033b5f4441bfd414a8c4421ccabfa756e110",
                "reference": "d76a033b5f4441bfd414a8c4421ccabfa756e110",
                "shasum": ""
            },
            "require": {
                "php": ">=5.3.3"
            },
            "type": "library",
            "extra": {
                "branch-alias": {
                    "dev-master": "1.1-dev"
                }
            },
            "autoload": {
                "psr-0": {
                    "React\\Promise": "src/"
                },
                "files": [
                    "src/React/Promise/functions_include.php"
                ]
            },
            "notification-url": "https://packagist.org/downloads/",
            "license": [
                "MIT"
            ],
            "authors": [
                {
                    "name": "Jan Sorgalla",
                    "email": "jsorgalla@gmail.com"
                }
            ],
            "description": "A lightweight implementation of CommonJS Promises/A for PHP",
            "time": "2015-07-01 14:42:26"
        },
        {
            "name": "react/react",
            "version": "0.3.x-dev",
            "source": {
                "type": "git",
                "url": "https://github.com/reactphp/react.git",
                "reference": "3b9b9d64a277c2f9a090fb8166183b4edd59ac09"
            },
            "dist": {
                "type": "zip",
                "url": "https://api.github.com/repos/reactphp/react/zipball/3b9b9d64a277c2f9a090fb8166183b4edd59ac09",
                "reference": "3b9b9d64a277c2f9a090fb8166183b4edd59ac09",
                "shasum": ""
            },
            "require": {
                "evenement/evenement": "1.0.*",
                "guzzle/parser": "~3.0",
                "php": ">=5.3.3",
                "react/promise": "~1.0"
            },
            "replace": {
                "react/cache": "self.version",
                "react/dns": "self.version",
                "react/event-loop": "self.version",
                "react/http": "self.version",
                "react/http-client": "self.version",
                "react/socket": "self.version",
                "react/socket-client": "self.version",
                "react/stream": "self.version"
            },
            "suggest": {
                "ext-libev": "*",
                "ext-libevent": "*"
            },
            "type": "library",
            "extra": {
                "branch-alias": {
                    "dev-master": "0.3-dev"
                }
            },
            "autoload": {
                "psr-0": {
                    "React": "src"
                }
            },
            "notification-url": "https://packagist.org/downloads/",
            "license": [
                "MIT"
            ],
            "description": "Nuclear Reactor written in PHP.",
            "keywords": [
                "event-loop",
                "reactor"
            ],
            "time": "2014-03-30 16:31:26"
        },
        {
            "name": "vlucas/bulletphp",
            "version": "dev-master",
            "source": {
                "type": "git",
                "url": "https://github.com/vlucas/bulletphp.git",
                "reference": "65201493948f8b201817a6e44d7d1d8dcb8a564d"
            },
            "dist": {
                "type": "zip",
                "url": "https://api.github.com/repos/vlucas/bulletphp/zipball/65201493948f8b201817a6e44d7d1d8dcb8a564d",
                "reference": "65201493948f8b201817a6e44d7d1d8dcb8a564d",
                "shasum": ""
            },
            "require": {
                "php": ">=5.3.2",
                "pimple/pimple": "~3.0"
            },
            "type": "library",
            "autoload": {
                "psr-0": {
                    "Bullet": "src/"
                }
            },
            "notification-url": "https://packagist.org/downloads/",
            "license": [
                "BSD"
            ],
            "authors": [
                {
                    "name": "Vance Lucas",
                    "email": "vance@vancelucas.com",
                    "homepage": "http://www.vancelucas.com"
                }
            ],
            "description": "A heierarchical resource-oriented micro-framework built on nested closures instead of route-based callbacks",
            "homepage": "http://bulletphp.com",
            "keywords": [
                "framework",
                "micro",
                "microframework",
                "microphp",
                "router",
                "routing"
            ],
            "time": "2015-02-27 21:09:45"
        }
    ],
    "packages-dev": [],
    "aliases": [],
    "minimum-stability": "dev",
    "stability-flags": [],
    "prefer-stable": false,
    "prefer-lowest": false,
    "platform": [],
    "platform-dev": []
}
